// !$*UTF8*$!
{
	archiveVersion = 1;
	classes = {
	};
	objectVersion = 55;
	objects = {

/* Begin PBXBuildFile section */
		15F65C7D2BEB28C400E22EAF /* FaceIdApp.swift in Sources */ = {isa = PBXBuildFile; fileRef = 15F65C7C2BEB28C400E22EAF /* FaceIdApp.swift */; };
		15F65C7F2BEB28C400E22EAF /* ContentView.swift in Sources */ = {isa = PBXBuildFile; fileRef = 15F65C7E2BEB28C400E22EAF /* ContentView.swift */; };
		15F65C812BEB28C500E22EAF /* Assets.xcassets in Resources */ = {isa = PBXBuildFile; fileRef = 15F65C802BEB28C500E22EAF /* Assets.xcassets */; };
		15F65C842BEB28C500E22EAF /* Preview Assets.xcassets in Resources */ = {isa = PBXBuildFile; fileRef = 15F65C832BEB28C500E22EAF /* Preview Assets.xcassets */; };
		15F65C8E2BEB28C500E22EAF /* FaceIdTests.swift in Sources */ = {isa = PBXBuildFile; fileRef = 15F65C8D2BEB28C500E22EAF /* FaceIdTests.swift */; };
		15F65C982BEB28C500E22EAF /* FaceIdUITests.swift in Sources */ = {isa = PBXBuildFile; fileRef = 15F65C972BEB28C500E22EAF /* FaceIdUITests.swift */; };
		15F65C9A2BEB28C500E22EAF /* FaceIdUITestsLaunchTests.swift in Sources */ = {isa = PBXBuildFile; fileRef = 15F65C992BEB28C500E22EAF /* FaceIdUITestsLaunchTests.swift */; };
/* End PBXBuildFile section */

/* Begin PBXContainerItemProxy section */
		15F65C8A2BEB28C500E22EAF /* PBXContainerItemProxy */ = {
			isa = PBXContainerItemProxy;
			containerPortal = 15F65C712BEB28C400E22EAF /* Project object */;
			proxyType = 1;
			remoteGlobalIDString = 15F65C782BEB28C400E22EAF;
			remoteInfo = FaceId;
		};
		15F65C942BEB28C500E22EAF /* PBXContainerItemProxy */ = {
			isa = PBXContainerItemProxy;
			containerPortal = 15F65C712BEB28C400E22EAF /* Project object */;
			proxyType = 1;
			remoteGlobalIDString = 15F65C782BEB28C400E22EAF;
			remoteInfo = FaceId;
		};
/* End PBXContainerItemProxy section */

/* Begin PBXFileReference section */
		15F65C792BEB28C400E22EAF /* FaceId.app */ = {isa = PBXFileReference; explicitFileType = wrapper.application; includeInIndex = 0; path = FaceId.app; sourceTree = BUILT_PRODUCTS_DIR; };
		15F65C7C2BEB28C400E22EAF /* FaceIdApp.swift */ = {isa = PBXFileReference; lastKnownFileType = sourcecode.swift; path = FaceIdApp.swift; sourceTree = "<group>"; };
		15F65C7E2BEB28C400E22EAF /* ContentView.swift */ = {isa = PBXFileReference; lastKnownFileType = sourcecode.swift; path = ContentView.swift; sourceTree = "<group>"; };
		15F65C802BEB28C500E22EAF /* Assets.xcassets */ = {isa = PBXFileReference; lastKnownFileType = folder.assetcatalog; path = Assets.xcassets; sourceTree = "<group>"; };
		15F65C832BEB28C500E22EAF /* Preview Assets.xcassets */ = {isa = PBXFileReference; lastKnownFileType = folder.assetcatalog; path = "Preview Assets.xcassets"; sourceTree = "<group>"; };
		15F65C892BEB28C500E22EAF /* FaceIdTests.xctest */ = {isa = PBXFileReference; explicitFileType = wrapper.cfbundle; includeInIndex = 0; path = FaceIdTests.xctest; sourceTree = BUILT_PRODUCTS_DIR; };
		15F65C8D2BEB28C500E22EAF /* FaceIdTests.swift */ = {isa = PBXFileReference; lastKnownFileType = sourcecode.swift; path = FaceIdTests.swift; sourceTree = "<group>"; };
		15F65C932BEB28C500E22EAF /* FaceIdUITests.xctest */ = {isa = PBXFileReference; explicitFileType = wrapper.cfbundle; includeInIndex = 0; path = FaceIdUITests.xctest; sourceTree = BUILT_PRODUCTS_DIR; };
		15F65C972BEB28C500E22EAF /* FaceIdUITests.swift */ = {isa = PBXFileReference; lastKnownFileType = sourcecode.swift; path = FaceIdUITests.swift; sourceTree = "<group>"; };
		15F65C992BEB28C500E22EAF /* FaceIdUITestsLaunchTests.swift */ = {isa = PBXFileReference; lastKnownFileType = sourcecode.swift; path = FaceIdUITestsLaunchTests.swift; sourceTree = "<group>"; };
/* End PBXFileReference section */

/* Begin PBXFrameworksBuildPhase section */
		15F65C762BEB28C400E22EAF /* Frameworks */ = {
			isa = PBXFrameworksBuildPhase;
			buildActionMask = 2147483647;
			files = (
			);
			runOnlyForDeploymentPostprocessing = 0;
		};
		15F65C862BEB28C500E22EAF /* Frameworks */ = {
			isa = PBXFrameworksBuildPhase;
			buildActionMask = 2147483647;
			files = (
			);
			runOnlyForDeploymentPostprocessing = 0;
		};
		15F65C902BEB28C500E22EAF /* Frameworks */ = {
			isa = PBXFrameworksBuildPhase;
			buildActionMask = 2147483647;
			files = (
			);
			runOnlyForDeploymentPostprocessing = 0;
		};
/* End PBXFrameworksBuildPhase section */

/* Begin PBXGroup section */
		15F65C702BEB28C400E22EAF = {
			isa = PBXGroup;
			children = (
				15F65C7B2BEB28C400E22EAF /* FaceId */,
				15F65C8C2BEB28C500E22EAF /* FaceIdTests */,
				15F65C962BEB28C500E22EAF /* FaceIdUITests */,
				15F65C7A2BEB28C400E22EAF /* Products */,
			);
			sourceTree = "<group>";
		};
		15F65C7A2BEB28C400E22EAF /* Products */ = {
			isa = PBXGroup;
			children = (
				15F65C792BEB28C400E22EAF /* FaceId.app */,
				15F65C892BEB28C500E22EAF /* FaceIdTests.xctest */,
				15F65C932BEB28C500E22EAF /* FaceIdUITests.xctest */,
			);
			name = Products;
			sourceTree = "<group>";
		};
		15F65C7B2BEB28C400E22EAF /* FaceId */ = {
			isa = PBXGroup;
			children = (
				15F65C7C2BEB28C400E22EAF /* FaceIdApp.swift */,
				15F65C7E2BEB28C400E22EAF /* ContentView.swift */,
				15F65C802BEB28C500E22EAF /* Assets.xcassets */,
				15F65C822BEB28C500E22EAF /* Preview Content */,
			);
			path = FaceId;
			sourceTree = "<group>";
		};
		15F65C822BEB28C500E22EAF /* Preview Content */ = {
			isa = PBXGroup;
			children = (
				15F65C832BEB28C500E22EAF /* Preview Assets.xcassets */,
			);
			path = "Preview Content";
			sourceTree = "<group>";
		};
		15F65C8C2BEB28C500E22EAF /* FaceIdTests */ = {
			isa = PBXGroup;
			children = (
				15F65C8D2BEB28C500E22EAF /* FaceIdTests.swift */,
			);
			path = FaceIdTests;
			sourceTree = "<group>";
		};
		15F65C962BEB28C500E22EAF /* FaceIdUITests */ = {
			isa = PBXGroup;
			children = (
				15F65C972BEB28C500E22EAF /* FaceIdUITests.swift */,
				15F65C992BEB28C500E22EAF /* FaceIdUITestsLaunchTests.swift */,
			);
			path = FaceIdUITests;
			sourceTree = "<group>";
		};
/* End PBXGroup section */

/* Begin PBXNativeTarget section */
		15F65C782BEB28C400E22EAF /* FaceId */ = {
			isa = PBXNativeTarget;
			buildConfigurationList = 15F65C9D2BEB28C500E22EAF /* Build configuration list for PBXNativeTarget "FaceId" */;
			buildPhases = (
				15F65C752BEB28C400E22EAF /* Sources */,
				15F65C762BEB28C400E22EAF /* Frameworks */,
				15F65C772BEB28C400E22EAF /* Resources */,
			);
			buildRules = (
			);
			dependencies = (
			);
			name = FaceId;
			productName = FaceId;
			productReference = 15F65C792BEB28C400E22EAF /* FaceId.app */;
			productType = "com.apple.product-type.application";
		};
		15F65C882BEB28C500E22EAF /* FaceIdTests */ = {
			isa = PBXNativeTarget;
			buildConfigurationList = 15F65CA02BEB28C500E22EAF /* Build configuration list for PBXNativeTarget "FaceIdTests" */;
			buildPhases = (
				15F65C852BEB28C500E22EAF /* Sources */,
				15F65C862BEB28C500E22EAF /* Frameworks */,
				15F65C872BEB28C500E22EAF /* Resources */,
			);
			buildRules = (
			);
			dependencies = (
				15F65C8B2BEB28C500E22EAF /* PBXTargetDependency */,
			);
			name = FaceIdTests;
			productName = FaceIdTests;
			productReference = 15F65C892BEB28C500E22EAF /* FaceIdTests.xctest */;
			productType = "com.apple.product-type.bundle.unit-test";
		};
		15F65C922BEB28C500E22EAF /* FaceIdUITests */ = {
			isa = PBXNativeTarget;
			buildConfigurationList = 15F65CA32BEB28C500E22EAF /* Build configuration list for PBXNativeTarget "FaceIdUITests" */;
			buildPhases = (
				15F65C8F2BEB28C500E22EAF /* Sources */,
				15F65C902BEB28C500E22EAF /* Frameworks */,
				15F65C912BEB28C500E22EAF /* Resources */,
			);
			buildRules = (
			);
			dependencies = (
				15F65C952BEB28C500E22EAF /* PBXTargetDependency */,
			);
			name = FaceIdUITests;
			productName = FaceIdUITests;
			productReference = 15F65C932BEB28C500E22EAF /* FaceIdUITests.xctest */;
			productType = "com.apple.product-type.bundle.ui-testing";
		};
/* End PBXNativeTarget section */

/* Begin PBXProject section */
		15F65C712BEB28C400E22EAF /* Project object */ = {
			isa = PBXProject;
			attributes = {
				BuildIndependentTargetsInParallel = 1;
				LastSwiftUpdateCheck = 1320;
				LastUpgradeCheck = 1320;
				TargetAttributes = {
					15F65C782BEB28C400E22EAF = {
						CreatedOnToolsVersion = 13.2.1;
					};
					15F65C882BEB28C500E22EAF = {
						CreatedOnToolsVersion = 13.2.1;
						TestTargetID = 15F65C782BEB28C400E22EAF;
					};
					15F65C922BEB28C500E22EAF = {
						CreatedOnToolsVersion = 13.2.1;
						TestTargetID = 15F65C782BEB28C400E22EAF;
					};
				};
			};
			buildConfigurationList = 15F65C742BEB28C400E22EAF /* Build configuration list for PBXProject "FaceId" */;
			compatibilityVersion = "Xcode 13.0";
			developmentRegion = en;
			hasScannedForEncodings = 0;
			knownRegions = (
				en,
				Base,
			);
			mainGroup = 15F65C702BEB28C400E22EAF;
			productRefGroup = 15F65C7A2BEB28C400E22EAF /* Products */;
			projectDirPath = "";
			projectRoot = "";
			targets = (
				15F65C782BEB28C400E22EAF /* FaceId */,
				15F65C882BEB28C500E22EAF /* FaceIdTests */,
				15F65C922BEB28C500E22EAF /* FaceIdUITests */,
			);
		};
/* End PBXProject section */

/* Begin PBXResourcesBuildPhase section */
		15F65C772BEB28C400E22EAF /* Resources */ = {
			isa = PBXResourcesBuildPhase;
			buildActionMask = 2147483647;
			files = (
				15F65C842BEB28C500E22EAF /* Preview Assets.xcassets in Resources */,
				15F65C812BEB28C500E22EAF /* Assets.xcassets in Resources */,
			);
			runOnlyForDeploymentPostprocessing = 0;
		};
		15F65C872BEB28C500E22EAF /* Resources */ = {
			isa = PBXResourcesBuildPhase;
			buildActionMask = 2147483647;
			files = (
			);
			runOnlyForDeploymentPostprocessing = 0;
		};
		15F65C912BEB28C500E22EAF /* Resources */ = {
			isa = PBXResourcesBuildPhase;
			buildActionMask = 2147483647;
			files = (
			);
			runOnlyForDeploymentPostprocessing = 0;
		};
/* End PBXResourcesBuildPhase section */

/* Begin PBXSourcesBuildPhase section */
		15F65C752BEB28C400E22EAF /* Sources */ = {
			isa = PBXSourcesBuildPhase;
			buildActionMask = 2147483647;
			files = (
				15F65C7F2BEB28C400E22EAF /* ContentView.swift in Sources */,
				15F65C7D2BEB28C400E22EAF /* FaceIdApp.swift in Sources */,
			);
			runOnlyForDeploymentPostprocessing = 0;
		};
		15F65C852BEB28C500E22EAF /* Sources */ = {
			isa = PBXSourcesBuildPhase;
			buildActionMask = 2147483647;
			files = (
				15F65C8E2BEB28C500E22EAF /* FaceIdTests.swift in Sources */,
			);
			runOnlyForDeploymentPostprocessing = 0;
		};
		15F65C8F2BEB28C500E22EAF /* Sources */ = {
			isa = PBXSourcesBuildPhase;
			buildActionMask = 2147483647;
			files = (
				15F65C9A2BEB28C500E22EAF /* FaceIdUITestsLaunchTests.swift in Sources */,
				15F65C982BEB28C500E22EAF /* FaceIdUITests.swift in Sources */,
			);
			runOnlyForDeploymentPostprocessing = 0;
		};
/* End PBXSourcesBuildPhase section */

/* Begin PBXTargetDependency section */
		15F65C8B2BEB28C500E22EAF /* PBXTargetDependency */ = {
			isa = PBXTargetDependency;
			target = 15F65C782BEB28C400E22EAF /* FaceId */;
			targetProxy = 15F65C8A2BEB28C500E22EAF /* PBXContainerItemProxy */;
		};
		15F65C952BEB28C500E22EAF /* PBXTargetDependency */ = {
			isa = PBXTargetDependency;
			target = 15F65C782BEB28C400E22EAF /* FaceId */;
			targetProxy = 15F65C942BEB28C500E22EAF /* PBXContainerItemProxy */;
		};
/* End PBXTargetDependency section */

/* Begin XCBuildConfiguration section */
		15F65C9B2BEB28C500E22EAF /* Debug */ = {
			isa = XCBuildConfiguration;
			buildSettings = {
				ALWAYS_SEARCH_USER_PATHS = NO;
				CLANG_ANALYZER_NONNULL = YES;
				CLANG_ANALYZER_NUMBER_OBJECT_CONVERSION = YES_AGGRESSIVE;
				CLANG_CXX_LANGUAGE_STANDARD = "gnu++17";
				CLANG_CXX_LIBRARY = "libc++";
				CLANG_ENABLE_MODULES = YES;
				CLANG_ENABLE_OBJC_ARC = YES;
				CLANG_ENABLE_OBJC_WEAK = YES;
				CLANG_WARN_BLOCK_CAPTURE_AUTORELEASING = YES;
				CLANG_WARN_BOOL_CONVERSION = YES;
				CLANG_WARN_COMMA = YES;
				CLANG_WARN_CONSTANT_CONVERSION = YES;
				CLANG_WARN_DEPRECATED_OBJC_IMPLEMENTATIONS = YES;
				CLANG_WARN_DIRECT_OBJC_ISA_USAGE = YES_ERROR;
				CLANG_WARN_DOCUMENTATION_COMMENTS = YES;
				CLANG_WARN_EMPTY_BODY = YES;
				CLANG_WARN_ENUM_CONVERSION = YES;
				CLANG_WARN_INFINITE_RECURSION = YES;
				CLANG_WARN_INT_CONVERSION = YES;
				CLANG_WARN_NON_LITERAL_NULL_CONVERSION = YES;
				CLANG_WARN_OBJC_IMPLICIT_RETAIN_SELF = YES;
				CLANG_WARN_OBJC_LITERAL_CONVERSION = YES;
				CLANG_WARN_OBJC_ROOT_CLASS = YES_ERROR;
				CLANG_WARN_QUOTED_INCLUDE_IN_FRAMEWORK_HEADER = YES;
				CLANG_WARN_RANGE_LOOP_ANALYSIS = YES;
				CLANG_WARN_STRICT_PROTOTYPES = YES;
				CLANG_WARN_SUSPICIOUS_MOVE = YES;
				CLANG_WARN_UNGUARDED_AVAILABILITY = YES_AGGRESSIVE;
				CLANG_WARN_UNREACHABLE_CODE = YES;
				CLANG_WARN__DUPLICATE_METHOD_MATCH = YES;
				COPY_PHASE_STRIP = NO;
				DEBUG_INFORMATION_FORMAT = dwarf;
				ENABLE_STRICT_OBJC_MSGSEND = YES;
				ENABLE_TESTABILITY = YES;
				GCC_C_LANGUAGE_STANDARD = gnu11;
				GCC_DYNAMIC_NO_PIC = NO;
				GCC_NO_COMMON_BLOCKS = YES;
				GCC_OPTIMIZATION_LEVEL = 0;
				GCC_PREPROCESSOR_DEFINITIONS = (
					"DEBUG=1",
					"$(inherited)",
				);
				GCC_WARN_64_TO_32_BIT_CONVERSION = YES;
				GCC_WARN_ABOUT_RETURN_TYPE = YES_ERROR;
				GCC_WARN_UNDECLARED_SELECTOR = YES;
				GCC_WARN_UNINITIALIZED_AUTOS = YES_AGGRESSIVE;
				GCC_WARN_UNUSED_FUNCTION = YES;
				GCC_WARN_UNUSED_VARIABLE = YES;
				IPHONEOS_DEPLOYMENT_TARGET = 15.2;
				MTL_ENABLE_DEBUG_INFO = INCLUDE_SOURCE;
				MTL_FAST_MATH = YES;
				ONLY_ACTIVE_ARCH = YES;
				SDKROOT = iphoneos;
				SWIFT_ACTIVE_COMPILATION_CONDITIONS = DEBUG;
				SWIFT_OPTIMIZATION_LEVEL = "-Onone";
			};
			name = Debug;
		};
		15F65C9C2BEB28C500E22EAF /* Release */ = {
			isa = XCBuildConfiguration;
			buildSettings = {
				ALWAYS_SEARCH_USER_PATHS = NO;
				CLANG_ANALYZER_NONNULL = YES;
				CLANG_ANALYZER_NUMBER_OBJECT_CONVERSION = YES_AGGRESSIVE;
				CLANG_CXX_LANGUAGE_STANDARD = "gnu++17";
				CLANG_CXX_LIBRARY = "libc++";
				CLANG_ENABLE_MODULES = YES;
				CLANG_ENABLE_OBJC_ARC = YES;
				CLANG_ENABLE_OBJC_WEAK = YES;
				CLANG_WARN_BLOCK_CAPTURE_AUTORELEASING = YES;
				CLANG_WARN_BOOL_CONVERSION = YES;
				CLANG_WARN_COMMA = YES;
				CLANG_WARN_CONSTANT_CONVERSION = YES;
				CLANG_WARN_DEPRECATED_OBJC_IMPLEMENTATIONS = YES;
				CLANG_WARN_DIRECT_OBJC_ISA_USAGE = YES_ERROR;
				CLANG_WARN_DOCUMENTATION_COMMENTS = YES;
				CLANG_WARN_EMPTY_BODY = YES;
				CLANG_WARN_ENUM_CONVERSION = YES;
				CLANG_WARN_INFINITE_RECURSION = YES;
				CLANG_WARN_INT_CONVERSION = YES;
				CLANG_WARN_NON_LITERAL_NULL_CONVERSION = YES;
				CLANG_WARN_OBJC_IMPLICIT_RETAIN_SELF = YES;
				CLANG_WARN_OBJC_LITERAL_CONVERSION = YES;
				CLANG_WARN_OBJC_ROOT_CLASS = YES_ERROR;
				CLANG_WARN_QUOTED_INCLUDE_IN_FRAMEWORK_HEADER = YES;
				CLANG_WARN_RANGE_LOOP_ANALYSIS = YES;
				CLANG_WARN_STRICT_PROTOTYPES = YES;
				CLANG_WARN_SUSPICIOUS_MOVE = YES;
				CLANG_WARN_UNGUARDED_AVAILABILITY = YES_AGGRESSIVE;
				CLANG_WARN_UNREACHABLE_CODE = YES;
				CLANG_WARN__DUPLICATE_METHOD_MATCH = YES;
				COPY_PHASE_STRIP = NO;
				DEBUG_INFORMATION_FORMAT = "dwarf-with-dsym";
				ENABLE_NS_ASSERTIONS = NO;
				ENABLE_STRICT_OBJC_MSGSEND = YES;
				GCC_C_LANGUAGE_STANDARD = gnu11;
				GCC_NO_COMMON_BLOCKS = YES;
				GCC_WARN_64_TO_32_BIT_CONVERSION = YES;
				GCC_WARN_ABOUT_RETURN_TYPE = YES_ERROR;
				GCC_WARN_UNDECLARED_SELECTOR = YES;
				GCC_WARN_UNINITIALIZED_AUTOS = YES_AGGRESSIVE;
				GCC_WARN_UNUSED_FUNCTION = YES;
				GCC_WARN_UNUSED_VARIABLE = YES;
				IPHONEOS_DEPLOYMENT_TARGET = 15.2;
				MTL_ENABLE_DEBUG_INFO = NO;
				MTL_FAST_MATH = YES;
				SDKROOT = iphoneos;
				SWIFT_COMPILATION_MODE = wholemodule;
				SWIFT_OPTIMIZATION_LEVEL = "-O";
				VALIDATE_PRODUCT = YES;
			};
			name = Release;
		};
		15F65C9E2BEB28C500E22EAF /* Debug */ = {
			isa = XCBuildConfiguration;
			buildSettings = {
				ASSETCATALOG_COMPILER_APPICON_NAME = AppIcon;
				ASSETCATALOG_COMPILER_GLOBAL_ACCENT_COLOR_NAME = AccentColor;
				CODE_SIGN_STYLE = Automatic;
				CURRENT_PROJECT_VERSION = 1;
				DEVELOPMENT_ASSET_PATHS = "\"FaceId/Preview Content\"";
				ENABLE_PREVIEWS = YES;
				GENERATE_INFOPLIST_FILE = YES;
				INFOPLIST_KEY_UIApplicationSceneManifest_Generation = YES;
				INFOPLIST_KEY_UIApplicationSupportsIndirectInputEvents = YES;
				INFOPLIST_KEY_UILaunchScreen_Generation = YES;
				INFOPLIST_KEY_UISupportedInterfaceOrientations_iPad = "UIInterfaceOrientationPortrait UIInterfaceOrientationPortraitUpsideDown UIInterfaceOrientationLandscapeLeft UIInterfaceOrientationLandscapeRight";
				INFOPLIST_KEY_UISupportedInterfaceOrientations_iPhone = "UIInterfaceOrientationPortrait UIInterfaceOrientationLandscapeLeft UIInterfaceOrientationLandscapeRight";
				LD_RUNPATH_SEARCH_PATHS = (
					"$(inherited)",
					"@executable_path/Frameworks",
				);
				MARKETING_VERSION = 1.0;
				PRODUCT_BUNDLE_IDENTIFIER = sc.demo.face.FaceId;
				PRODUCT_NAME = "$(TARGET_NAME)";
				SWIFT_EMIT_LOC_STRINGS = YES;
				SWIFT_VERSION = 5.0;
				TARGETED_DEVICE_FAMILY = "1,2";
			};
			name = Debug;
		};
		15F65C9F2BEB28C500E22EAF /* Release */ = {
			isa = XCBuildConfiguration;
			buildSettings = {
				ASSETCATALOG_COMPILER_APPICON_NAME = AppIcon;
				ASSETCATALOG_COMPILER_GLOBAL_ACCENT_COLOR_NAME = AccentColor;
				CODE_SIGN_STYLE = Automatic;
				CURRENT_PROJECT_VERSION = 1;
				DEVELOPMENT_ASSET_PATHS = "\"FaceId/Preview Content\"";
				ENABLE_PREVIEWS = YES;
				GENERATE_INFOPLIST_FILE = YES;
				INFOPLIST_KEY_UIApplicationSceneManifest_Generation = YES;
				INFOPLIST_KEY_UIApplicationSupportsIndirectInputEvents = YES;
				INFOPLIST_KEY_UILaunchScreen_Generation = YES;
				INFOPLIST_KEY_UISupportedInterfaceOrientations_iPad = "UIInterfaceOrientationPortrait UIInterfaceOrientationPortraitUpsideDown UIInterfaceOrientationLandscapeLeft UIInterfaceOrientationLandscapeRight";
				INFOPLIST_KEY_UISupportedInterfaceOrientations_iPhone = "UIInterfaceOrientationPortrait UIInterfaceOrientationLandscapeLeft UIInterfaceOrientationLandscapeRight";
				LD_RUNPATH_SEARCH_PATHS = (
					"$(inherited)",
					"@executable_path/Frameworks",
				);
				MARKETING_VERSION = 1.0;
				PRODUCT_BUNDLE_IDENTIFIER = sc.demo.face.FaceId;
				PRODUCT_NAME = "$(TARGET_NAME)";
				SWIFT_EMIT_LOC_STRINGS = YES;
				SWIFT_VERSION = 5.0;
				TARGETED_DEVICE_FAMILY = "1,2";
			};
			name = Release;
		};
		15F65CA12BEB28C500E22EAF /* Debug */ = {
			isa = XCBuildConfiguration;
			buildSettings = {
				ALWAYS_EMBED_SWIFT_STANDARD_LIBRARIES = YES;
				BUNDLE_LOADER = "$(TEST_HOST)";
				CODE_SIGN_STYLE = Automatic;
				CURRENT_PROJECT_VERSION = 1;
				GENERATE_INFOPLIST_FILE = YES;
				IPHONEOS_DEPLOYMENT_TARGET = 15.2;
				MARKETING_VERSION = 1.0;
				PRODUCT_BUNDLE_IDENTIFIER = sc.demo.face.FaceIdTests;
				PRODUCT_NAME = "$(TARGET_NAME)";
				SWIFT_EMIT_LOC_STRINGS = NO;
				SWIFT_VERSION = 5.0;
				TARGETED_DEVICE_FAMILY = "1,2";
				TEST_HOST = "$(BUILT_PRODUCTS_DIR)/FaceId.app/FaceId";
			};
			name = Debug;
		};
		15F65CA22BEB28C500E22EAF /* Release */ = {
			isa = XCBuildConfiguration;
			buildSettings = {
				ALWAYS_EMBED_SWIFT_STANDARD_LIBRARIES = YES;
				BUNDLE_LOADER = "$(TEST_HOST)";
				CODE_SIGN_STYLE = Automatic;
				CURRENT_PROJECT_VERSION = 1;
				GENERATE_INFOPLIST_FILE = YES;
				IPHONEOS_DEPLOYMENT_TARGET = 15.2;
				MARKETING_VERSION = 1.0;
				PRODUCT_BUNDLE_IDENTIFIER = sc.demo.face.FaceIdTests;
				PRODUCT_NAME = "$(TARGET_NAME)";
				SWIFT_EMIT_LOC_STRINGS = NO;
				SWIFT_VERSION = 5.0;
				TARGETED_DEVICE_FAMILY = "1,2";
				TEST_HOST = "$(BUILT_PRODUCTS_DIR)/FaceId.app/FaceId";
			};
			name = Release;
		};
		15F65CA42BEB28C500E22EAF /* Debug */ = {
			isa = XCBuildConfiguration;
			buildSettings = {
				ALWAYS_EMBED_SWIFT_STANDARD_LIBRARIES = YES;
				CODE_SIGN_STYLE = Automatic;
				CURRENT_PROJECT_VERSION = 1;
				GENERATE_INFOPLIST_FILE = YES;
				MARKETING_VERSION = 1.0;
				PRODUCT_BUNDLE_IDENTIFIER = sc.demo.face.FaceIdUITests;
				PRODUCT_NAME = "$(TARGET_NAME)";
				SWIFT_EMIT_LOC_STRINGS = NO;
				SWIFT_VERSION = 5.0;
				TARGETED_DEVICE_FAMILY = "1,2";
				TEST_TARGET_NAME = FaceId;
			};
			name = Debug;
		};
		15F65CA52BEB28C500E22EAF /* Release */ = {
			isa = XCBuildConfiguration;
			buildSettings = {
				ALWAYS_EMBED_SWIFT_STANDARD_LIBRARIES = YES;
				CODE_SIGN_STYLE = Automatic;
				CURRENT_PROJECT_VERSION = 1;
				GENERATE_INFOPLIST_FILE = YES;
				MARKETING_VERSION = 1.0;
				PRODUCT_BUNDLE_IDENTIFIER = sc.demo.face.FaceIdUITests;
				PRODUCT_NAME = "$(TARGET_NAME)";
				SWIFT_EMIT_LOC_STRINGS = NO;
				SWIFT_VERSION = 5.0;
				TARGETED_DEVICE_FAMILY = "1,2";
				TEST_TARGET_NAME = FaceId;
			};
			name = Release;
		};
/* End XCBuildConfiguration section */

/* Begin XCConfigurationList section */
		15F65C742BEB28C400E22EAF /* Build configuration list for PBXProject "FaceId" */ = {
			isa = XCConfigurationList;
			buildConfigurations = (
				15F65C9B2BEB28C500E22EAF /* Debug */,
				15F65C9C2BEB28C500E22EAF /* Release */,
			);
			defaultConfigurationIsVisible = 0;
			defaultConfigurationName = Release;
		};
		15F65C9D2BEB28C500E22EAF /* Build configuration list for PBXNativeTarget "FaceId" */ = {
			isa = XCConfigurationList;
			buildConfigurations = (
				15F65C9E2BEB28C500E22EAF /* Debug */,
				15F65C9F2BEB28C500E22EAF /* Release */,
			);
			defaultConfigurationIsVisible = 0;
			defaultConfigurationName = Release;
		};
		15F65CA02BEB28C500E22EAF /* Build configuration list for PBXNativeTarget "FaceIdTests" */ = {
			isa = XCConfigurationList;
			buildConfigurations = (
				15F65CA12BEB28C500E22EAF /* Debug */,
				15F65CA22BEB28C500E22EAF /* Release */,
			);
			defaultConfigurationIsVisible = 0;
			defaultConfigurationName = Release;
		};
		15F65CA32BEB28C500E22EAF /* Build configuration list for PBXNativeTarget "FaceIdUITests" */ = {
			isa = XCConfigurationList;
			buildConfigurations = (
				15F65CA42BEB28C500E22EAF /* Debug */,
				15F65CA52BEB28C500E22EAF /* Release */,
			);
			defaultConfigurationIsVisible = 0;
			defaultConfigurationName = Release;
		};
/* End XCConfigurationList section */
	};
	rootObject = 15F65C712BEB28C400E22EAF /* Project object */;
}
